
Microsoft Visual Studio Solution File, Format Version 12.00
# Visual Studio 15
VisualStudioVersion = 15.0.28307.168
MinimumVisualStudioVersion = 10.0.40219.1
Project("{FAE04EC0-301F-11D3-BF4B-00C04F79EFBC}") = "C0732153", "C0732153\C0732153.csproj", "{C4F84221-033B-4790-81D7-6E8600674027}"
EndProject
Global
	GlobalSection(SolutionConfigurationPlatforms) = preSolution
		Debug|Any CPU = Debug|Any CPU
		Release|Any CPU = Release|Any CPU
	EndGlobalSection
	GlobalSection(ProjectConfigurationPlatforms) = postSolution
		{C4F84221-033B-4790-81D7-6E8600674027}.Debug|Any CPU.ActiveCfg = Debug|Any CPU
		{C4F84221-033B-4790-81D7-6E8600674027}.Debug|Any CPU.Build.0 = Debug|Any CPU
		{C4F84221-033B-4790-81D7-6E8600674027}.Release|Any CPU.ActiveCfg = Release|Any CPU
		{C4F84221-033B-4790-81D7-6E8600674027}.Release|Any CPU.Build.0 = Release|Any CPU
	EndGlobalSection
	GlobalSection(SolutionProperties) = preSolution
		HideSolutionNode = FALSE
	EndGlobalSection
	GlobalSection(ExtensibilityGlobals) = postSolution
		SolutionGuid = {D4F04F2E-01F0-4FEF-9BAE-E0CEB3AB539B}
	EndGlobalSection
EndGlobal
